
Microsoft Visual Studio Solution File, Format Version 12.00
# Visual Studio Version 17
VisualStudioVersion = 17.10.35122.118
MinimumVisualStudioVersion = 10.0.40219.1
Project("{FAE04EC0-301F-11D3-BF4B-00C04F79EFBC}") = "lab5", "lab5\lab5.csproj", "{17AAD010-2128-4E92-A954-BDD4745F0763}"
EndProject
Global
	GlobalSection(SolutionConfigurationPlatforms) = preSolution
		Debug|Any CPU = Debug|Any CPU
		Release|Any CPU = Release|Any CPU
	EndGlobalSection
	GlobalSection(ProjectConfigurationPlatforms) = postSolution
		{17AAD010-2128-4E92-A954-BDD4745F0763}.Debug|Any CPU.ActiveCfg = Debug|Any CPU
		{17AAD010-2128-4E92-A954-BDD4745F0763}.Debug|Any CPU.Build.0 = Debug|Any CPU
		{17AAD010-2128-4E92-A954-BDD4745F0763}.Release|Any CPU.ActiveCfg = Release|Any CPU
		{17AAD010-2128-4E92-A954-BDD4745F0763}.Release|Any CPU.Build.0 = Release|Any CPU
	EndGlobalSection
	GlobalSection(SolutionProperties) = preSolution
		HideSolutionNode = FALSE
	EndGlobalSection
	GlobalSection(ExtensibilityGlobals) = postSolution
		SolutionGuid = {76E2FAB9-2EFD-433F-9D2E-5E866D55AD9A}
	EndGlobalSection
EndGlobal
